
Microsoft Visual Studio Solution File, Format Version 12.00
# Visual Studio 14
VisualStudioVersion = 14.0.25420.1
MinimumVisualStudioVersion = 10.0.40219.1
Project("{8BC9CEB8-8B4A-11D0-8D11-00A0C91BC942}") = "Core", "Core\Core.vcxproj", "{0AFC2ABB-CD30-4FF2-A38D-F2C1537EAC85}"
EndProject
Project("{8BC9CEB8-8B4A-11D0-8D11-00A0C91BC942}") = "RenderSystem_DX11", "RenderSystem_DX11\RenderSystem_DX11.vcxproj", "{7E65F89C-6209-4D97-8298-1111C2E93D99}"
	ProjectSection(ProjectDependencies) = postProject
		{0AFC2ABB-CD30-4FF2-A38D-F2C1537EAC85} = {0AFC2ABB-CD30-4FF2-A38D-F2C1537EAC85}
	EndProjectSection
EndProject
Global
	GlobalSection(SolutionConfigurationPlatforms) = preSolution
		Debug|x64 = Debug|x64
		Debug|x86 = Debug|x86
		Release|x64 = Release|x64
		Release|x86 = Release|x86
	EndGlobalSection
	GlobalSection(ProjectConfigurationPlatforms) = postSolution
		{0AFC2ABB-CD30-4FF2-A38D-F2C1537EAC85}.Debug|x64.ActiveCfg = Debug|x64
		{0AFC2ABB-CD30-4FF2-A38D-F2C1537EAC85}.Debug|x64.Build.0 = Debug|x64
		{0AFC2ABB-CD30-4FF2-A38D-F2C1537EAC85}.Debug|x86.ActiveCfg = Debug|Win32
		{0AFC2ABB-CD30-4FF2-A38D-F2C1537EAC85}.Debug|x86.Build.0 = Debug|Win32
		{0AFC2ABB-CD30-4FF2-A38D-F2C1537EAC85}.Release|x64.ActiveCfg = Release|x64
		{0AFC2ABB-CD30-4FF2-A38D-F2C1537EAC85}.Release|x64.Build.0 = Release|x64
		{0AFC2ABB-CD30-4FF2-A38D-F2C1537EAC85}.Release|x86.ActiveCfg = Release|Win32
		{0AFC2ABB-CD30-4FF2-A38D-F2C1537EAC85}.Release|x86.Build.0 = Release|Win32
		{7E65F89C-6209-4D97-8298-1111C2E93D99}.Debug|x64.ActiveCfg = Debug|x64
		{7E65F89C-6209-4D97-8298-1111C2E93D99}.Debug|x64.Build.0 = Debug|x64
		{7E65F89C-6209-4D97-8298-1111C2E93D99}.Debug|x86.ActiveCfg = Debug|Win32
		{7E65F89C-6209-4D97-8298-1111C2E93D99}.Debug|x86.Build.0 = Debug|Win32
		{7E65F89C-6209-4D97-8298-1111C2E93D99}.Release|x64.ActiveCfg = Release|x64
		{7E65F89C-6209-4D97-8298-1111C2E93D99}.Release|x64.Build.0 = Release|x64
		{7E65F89C-6209-4D97-8298-1111C2E93D99}.Release|x86.ActiveCfg = Release|Win32
		{7E65F89C-6209-4D97-8298-1111C2E93D99}.Release|x86.Build.0 = Release|Win32
	EndGlobalSection
	GlobalSection(SolutionProperties) = preSolution
		HideSolutionNode = FALSE
	EndGlobalSection
EndGlobal
